{
  "name": "smart-diff-ci",
  "version": "0.1.0",
  "lockfileVersion": 3,
  "requires": true,
  "packages": {
    "": {
      "name": "smart-diff-ci",
      "version": "0.1.0",
      "hasInstallScript": true,
      "license": "MIT",
      "bin": {
        "smart-diff-ci": "bin/run.js"
      }
    }
  }
}
